
Microsoft Visual Studio Solution File, Format Version 12.00
# Visual Studio Version 16
VisualStudioVersion = 16.0.29613.14
MinimumVisualStudioVersion = 10.0.40219.1
Project("{9A19103F-16F7-4668-BE54-9A1E7A4F7556}") = "ProfessionalDirectory", "ProfessionalDirectory.csproj", "{A6869E38-D325-4A03-A7F3-6A6E4BAF9148}"
EndProject
Global
	GlobalSection(SolutionConfigurationPlatforms) = preSolution
		Debug|Any CPU = Debug|Any CPU
		Release|Any CPU = Release|Any CPU
	EndGlobalSection
	GlobalSection(ProjectConfigurationPlatforms) = postSolution
		{A6869E38-D325-4A03-A7F3-6A6E4BAF9148}.Debug|Any CPU.ActiveCfg = Debug|Any CPU
		{A6869E38-D325-4A03-A7F3-6A6E4BAF9148}.Debug|Any CPU.Build.0 = Debug|Any CPU
		{A6869E38-D325-4A03-A7F3-6A6E4BAF9148}.Release|Any CPU.ActiveCfg = Release|Any CPU
		{A6869E38-D325-4A03-A7F3-6A6E4BAF9148}.Release|Any CPU.Build.0 = Release|Any CPU
	EndGlobalSection
	GlobalSection(SolutionProperties) = preSolution
		HideSolutionNode = FALSE
	EndGlobalSection
	GlobalSection(ExtensibilityGlobals) = postSolution
		SolutionGuid = {3DA1128F-A031-4567-97F4-FC014DFAACBA}
	EndGlobalSection
EndGlobal
